
Microsoft Visual Studio Solution File, Format Version 12.00
# Visual Studio Version 17
VisualStudioVersion = 17.3.32819.101
MinimumVisualStudioVersion = 10.0.40219.1
Project("{FAE04EC0-301F-11D3-BF4B-00C04F79EFBC}") = "NZWalks.API", "NZWalks.API\NZWalks.API.csproj", "{0C43DE00-286E-4304-B422-8ABBA2BFA2DA}"
EndProject
Global
	GlobalSection(SolutionConfigurationPlatforms) = preSolution
		Debug|Any CPU = Debug|Any CPU
		Release|Any CPU = Release|Any CPU
	EndGlobalSection
	GlobalSection(ProjectConfigurationPlatforms) = postSolution
		{0C43DE00-286E-4304-B422-8ABBA2BFA2DA}.Debug|Any CPU.ActiveCfg = Debug|Any CPU
		{0C43DE00-286E-4304-B422-8ABBA2BFA2DA}.Debug|Any CPU.Build.0 = Debug|Any CPU
		{0C43DE00-286E-4304-B422-8ABBA2BFA2DA}.Release|Any CPU.ActiveCfg = Release|Any CPU
		{0C43DE00-286E-4304-B422-8ABBA2BFA2DA}.Release|Any CPU.Build.0 = Release|Any CPU
	EndGlobalSection
	GlobalSection(SolutionProperties) = preSolution
		HideSolutionNode = FALSE
	EndGlobalSection
	GlobalSection(ExtensibilityGlobals) = postSolution
		SolutionGuid = {5009ABCC-91EF-4338-929D-BA8E399C16E1}
	EndGlobalSection
EndGlobal
